
Microsoft Visual Studio Solution File, Format Version 12.00
# Visual Studio Version 16
VisualStudioVersion = 16.0.30907.101
MinimumVisualStudioVersion = 10.0.40219.1
Project("{FAE04EC0-301F-11D3-BF4B-00C04F79EFBC}") = "Stream Sniper", "Stream Sniper.csproj", "{2C1AD209-B1D4-4D39-A4AD-D75E4BE7CA2B}"
EndProject
Global
	GlobalSection(SolutionConfigurationPlatforms) = preSolution
		Debug|Any CPU = Debug|Any CPU
		Release|Any CPU = Release|Any CPU
	EndGlobalSection
	GlobalSection(ProjectConfigurationPlatforms) = postSolution
		{2C1AD209-B1D4-4D39-A4AD-D75E4BE7CA2B}.Debug|Any CPU.ActiveCfg = Debug|Any CPU
		{2C1AD209-B1D4-4D39-A4AD-D75E4BE7CA2B}.Debug|Any CPU.Build.0 = Debug|Any CPU
		{2C1AD209-B1D4-4D39-A4AD-D75E4BE7CA2B}.Release|Any CPU.ActiveCfg = Release|Any CPU
		{2C1AD209-B1D4-4D39-A4AD-D75E4BE7CA2B}.Release|Any CPU.Build.0 = Release|Any CPU
	EndGlobalSection
	GlobalSection(SolutionProperties) = preSolution
		HideSolutionNode = FALSE
	EndGlobalSection
	GlobalSection(ExtensibilityGlobals) = postSolution
		SolutionGuid = {A29EA273-0CC7-47A0-8ED6-E14697F9BC78}
	EndGlobalSection
EndGlobal
